
Microsoft Visual Studio Solution File, Format Version 12.00
Project("{FAE04EC0-301F-11D3-BF4B-00C04F79EFBC}") = "credit-risk-solution", "credit-risk-solution\credit-risk-solution.csproj", "{D1024ED3-CA03-44F0-93E4-E1DE91176BFD}"
EndProject
Global
	GlobalSection(SolutionConfigurationPlatforms) = preSolution
		Debug|Any CPU = Debug|Any CPU
		Release|Any CPU = Release|Any CPU
	EndGlobalSection
	GlobalSection(ProjectConfigurationPlatforms) = postSolution
		{D1024ED3-CA03-44F0-93E4-E1DE91176BFD}.Debug|Any CPU.ActiveCfg = Debug|Any CPU
		{D1024ED3-CA03-44F0-93E4-E1DE91176BFD}.Debug|Any CPU.Build.0 = Debug|Any CPU
		{D1024ED3-CA03-44F0-93E4-E1DE91176BFD}.Release|Any CPU.ActiveCfg = Release|Any CPU
		{D1024ED3-CA03-44F0-93E4-E1DE91176BFD}.Release|Any CPU.Build.0 = Release|Any CPU
	EndGlobalSection
EndGlobal
